// !$*UTF8*$!
{
	archiveVersion = 1;
	classes = {
	};
	objectVersion = 55;
	objects = {

/* Begin PBXBuildFile section */
		63E0192227DCC77500183D5C /* AppDelegate.swift in Sources */ = {isa = PBXBuildFile; fileRef = 63E0192127DCC77500183D5C /* AppDelegate.swift */; };
		63E0192427DCC77500183D5C /* SceneDelegate.swift in Sources */ = {isa = PBXBuildFile; fileRef = 63E0192327DCC77500183D5C /* SceneDelegate.swift */; };
		63E0192627DCC77500183D5C /* ViewController.swift in Sources */ = {isa = PBXBuildFile; fileRef = 63E0192527DCC77500183D5C /* ViewController.swift */; };
		63E0192927DCC77500183D5C /* Main.storyboard in Resources */ = {isa = PBXBuildFile; fileRef = 63E0192727DCC77500183D5C /* Main.storyboard */; };
		63E0192B27DCC77700183D5C /* Assets.xcassets in Resources */ = {isa = PBXBuildFile; fileRef = 63E0192A27DCC77700183D5C /* Assets.xcassets */; };
		63E0192E27DCC77700183D5C /* LaunchScreen.storyboard in Resources */ = {isa = PBXBuildFile; fileRef = 63E0192C27DCC77700183D5C /* LaunchScreen.storyboard */; };
		63E0193927DCC77800183D5C /* ExperimentsAppTests.swift in Sources */ = {isa = PBXBuildFile; fileRef = 63E0193827DCC77800183D5C /* ExperimentsAppTests.swift */; };
		63E0194327DCC77800183D5C /* ExperimentsAppUITests.swift in Sources */ = {isa = PBXBuildFile; fileRef = 63E0194227DCC77800183D5C /* ExperimentsAppUITests.swift */; };
		63E0194527DCC77800183D5C /* ExperimentsAppUITestsLaunchTests.swift in Sources */ = {isa = PBXBuildFile; fileRef = 63E0194427DCC77800183D5C /* ExperimentsAppUITestsLaunchTests.swift */; };
/* End PBXBuildFile section */

/* Begin PBXContainerItemProxy section */
		63E0193527DCC77800183D5C /* PBXContainerItemProxy */ = {
			isa = PBXContainerItemProxy;
			containerPortal = 63E0191627DCC77500183D5C /* Project object */;
			proxyType = 1;
			remoteGlobalIDString = 63E0191D27DCC77500183D5C;
			remoteInfo = ExperimentsApp;
		};
		63E0193F27DCC77800183D5C /* PBXContainerItemProxy */ = {
			isa = PBXContainerItemProxy;
			containerPortal = 63E0191627DCC77500183D5C /* Project object */;
			proxyType = 1;
			remoteGlobalIDString = 63E0191D27DCC77500183D5C;
			remoteInfo = ExperimentsApp;
		};
/* End PBXContainerItemProxy section */

/* Begin PBXFileReference section */
		63E0191E27DCC77500183D5C /* ExperimentsApp.app */ = {isa = PBXFileReference; explicitFileType = wrapper.application; includeInIndex = 0; path = ExperimentsApp.app; sourceTree = BUILT_PRODUCTS_DIR; };
		63E0192127DCC77500183D5C /* AppDelegate.swift */ = {isa = PBXFileReference; lastKnownFileType = sourcecode.swift; path = AppDelegate.swift; sourceTree = "<group>"; };
		63E0192327DCC77500183D5C /* SceneDelegate.swift */ = {isa = PBXFileReference; lastKnownFileType = sourcecode.swift; path = SceneDelegate.swift; sourceTree = "<group>"; };
		63E0192527DCC77500183D5C /* ViewController.swift */ = {isa = PBXFileReference; lastKnownFileType = sourcecode.swift; path = ViewController.swift; sourceTree = "<group>"; };
		63E0192827DCC77500183D5C /* Base */ = {isa = PBXFileReference; lastKnownFileType = file.storyboard; name = Base; path = Base.lproj/Main.storyboard; sourceTree = "<group>"; };
		63E0192A27DCC77700183D5C /* Assets.xcassets */ = {isa = PBXFileReference; lastKnownFileType = folder.assetcatalog; path = Assets.xcassets; sourceTree = "<group>"; };
		63E0192D27DCC77700183D5C /* Base */ = {isa = PBXFileReference; lastKnownFileType = file.storyboard; name = Base; path = Base.lproj/LaunchScreen.storyboard; sourceTree = "<group>"; };
		63E0192F27DCC77700183D5C /* Info.plist */ = {isa = PBXFileReference; lastKnownFileType = text.plist.xml; path = Info.plist; sourceTree = "<group>"; };
		63E0193427DCC77800183D5C /* ExperimentsAppTests.xctest */ = {isa = PBXFileReference; explicitFileType = wrapper.cfbundle; includeInIndex = 0; path = ExperimentsAppTests.xctest; sourceTree = BUILT_PRODUCTS_DIR; };
		63E0193827DCC77800183D5C /* ExperimentsAppTests.swift */ = {isa = PBXFileReference; lastKnownFileType = sourcecode.swift; path = ExperimentsAppTests.swift; sourceTree = "<group>"; };
		63E0193E27DCC77800183D5C /* ExperimentsAppUITests.xctest */ = {isa = PBXFileReference; explicitFileType = wrapper.cfbundle; includeInIndex = 0; path = ExperimentsAppUITests.xctest; sourceTree = BUILT_PRODUCTS_DIR; };
		63E0194227DCC77800183D5C /* ExperimentsAppUITests.swift */ = {isa = PBXFileReference; lastKnownFileType = sourcecode.swift; path = ExperimentsAppUITests.swift; sourceTree = "<group>"; };
		63E0194427DCC77800183D5C /* ExperimentsAppUITestsLaunchTests.swift */ = {isa = PBXFileReference; lastKnownFileType = sourcecode.swift; path = ExperimentsAppUITestsLaunchTests.swift; sourceTree = "<group>"; };
/* End PBXFileReference section */

/* Begin PBXFrameworksBuildPhase section */
		63E0191B27DCC77500183D5C /* Frameworks */ = {
			isa = PBXFrameworksBuildPhase;
			buildActionMask = 2147483647;
			files = (
			);
			runOnlyForDeploymentPostprocessing = 0;
		};
		63E0193127DCC77800183D5C /* Frameworks */ = {
			isa = PBXFrameworksBuildPhase;
			buildActionMask = 2147483647;
			files = (
			);
			runOnlyForDeploymentPostprocessing = 0;
		};
		63E0193B27DCC77800183D5C /* Frameworks */ = {
			isa = PBXFrameworksBuildPhase;
			buildActionMask = 2147483647;
			files = (
			);
			runOnlyForDeploymentPostprocessing = 0;
		};
/* End PBXFrameworksBuildPhase section */

/* Begin PBXGroup section */
		63E0191527DCC77500183D5C = {
			isa = PBXGroup;
			children = (
				63E0192027DCC77500183D5C /* ExperimentsApp */,
				63E0193727DCC77800183D5C /* ExperimentsAppTests */,
				63E0194127DCC77800183D5C /* ExperimentsAppUITests */,
				63E0191F27DCC77500183D5C /* Products */,
			);
			sourceTree = "<group>";
		};
		63E0191F27DCC77500183D5C /* Products */ = {
			isa = PBXGroup;
			children = (
				63E0191E27DCC77500183D5C /* ExperimentsApp.app */,
				63E0193427DCC77800183D5C /* ExperimentsAppTests.xctest */,
				63E0193E27DCC77800183D5C /* ExperimentsAppUITests.xctest */,
			);
			name = Products;
			sourceTree = "<group>";
		};
		63E0192027DCC77500183D5C /* ExperimentsApp */ = {
			isa = PBXGroup;
			children = (
				63E0192127DCC77500183D5C /* AppDelegate.swift */,
				63E0192327DCC77500183D5C /* SceneDelegate.swift */,
				63E0192527DCC77500183D5C /* ViewController.swift */,
				63E0192727DCC77500183D5C /* Main.storyboard */,
				63E0192A27DCC77700183D5C /* Assets.xcassets */,
				63E0192C27DCC77700183D5C /* LaunchScreen.storyboard */,
				63E0192F27DCC77700183D5C /* Info.plist */,
			);
			path = ExperimentsApp;
			sourceTree = "<group>";
		};
		63E0193727DCC77800183D5C /* ExperimentsAppTests */ = {
			isa = PBXGroup;
			children = (
				63E0193827DCC77800183D5C /* ExperimentsAppTests.swift */,
			);
			path = ExperimentsAppTests;
			sourceTree = "<group>";
		};
		63E0194127DCC77800183D5C /* ExperimentsAppUITests */ = {
			isa = PBXGroup;
			children = (
				63E0194227DCC77800183D5C /* ExperimentsAppUITests.swift */,
				63E0194427DCC77800183D5C /* ExperimentsAppUITestsLaunchTests.swift */,
			);
			path = ExperimentsAppUITests;
			sourceTree = "<group>";
		};
/* End PBXGroup section */

/* Begin PBXNativeTarget section */
		63E0191D27DCC77500183D5C /* ExperimentsApp */ = {
			isa = PBXNativeTarget;
			buildConfigurationList = 63E0194827DCC77800183D5C /* Build configuration list for PBXNativeTarget "ExperimentsApp" */;
			buildPhases = (
				63E0191A27DCC77500183D5C /* Sources */,
				63E0191B27DCC77500183D5C /* Frameworks */,
				63E0191C27DCC77500183D5C /* Resources */,
			);
			buildRules = (
			);
			dependencies = (
			);
			name = ExperimentsApp;
			productName = ExperimentsApp;
			productReference = 63E0191E27DCC77500183D5C /* ExperimentsApp.app */;
			productType = "com.apple.product-type.application";
		};
		63E0193327DCC77800183D5C /* ExperimentsAppTests */ = {
			isa = PBXNativeTarget;
			buildConfigurationList = 63E0194B27DCC77800183D5C /* Build configuration list for PBXNativeTarget "ExperimentsAppTests" */;
			buildPhases = (
				63E0193027DCC77800183D5C /* Sources */,
				63E0193127DCC77800183D5C /* Frameworks */,
				63E0193227DCC77800183D5C /* Resources */,
			);
			buildRules = (
			);
			dependencies = (
				63E0193627DCC77800183D5C /* PBXTargetDependency */,
			);
			name = ExperimentsAppTests;
			productName = ExperimentsAppTests;
			productReference = 63E0193427DCC77800183D5C /* ExperimentsAppTests.xctest */;
			productType = "com.apple.product-type.bundle.unit-test";
		};
		63E0193D27DCC77800183D5C /* ExperimentsAppUITests */ = {
			isa = PBXNativeTarget;
			buildConfigurationList = 63E0194E27DCC77800183D5C /* Build configuration list for PBXNativeTarget "ExperimentsAppUITests" */;
			buildPhases = (
				63E0193A27DCC77800183D5C /* Sources */,
				63E0193B27DCC77800183D5C /* Frameworks */,
				63E0193C27DCC77800183D5C /* Resources */,
			);
			buildRules = (
			);
			dependencies = (
				63E0194027DCC77800183D5C /* PBXTargetDependency */,
			);
			name = ExperimentsAppUITests;
			productName = ExperimentsAppUITests;
			productReference = 63E0193E27DCC77800183D5C /* ExperimentsAppUITests.xctest */;
			productType = "com.apple.product-type.bundle.ui-testing";
		};
/* End PBXNativeTarget section */

/* Begin PBXProject section */
		63E0191627DCC77500183D5C /* Project object */ = {
			isa = PBXProject;
			attributes = {
				BuildIndependentTargetsInParallel = 1;
				LastSwiftUpdateCheck = 1320;
				LastUpgradeCheck = 1320;
				TargetAttributes = {
					63E0191D27DCC77500183D5C = {
						CreatedOnToolsVersion = 13.2.1;
					};
					63E0193327DCC77800183D5C = {
						CreatedOnToolsVersion = 13.2.1;
						TestTargetID = 63E0191D27DCC77500183D5C;
					};
					63E0193D27DCC77800183D5C = {
						CreatedOnToolsVersion = 13.2.1;
						TestTargetID = 63E0191D27DCC77500183D5C;
					};
				};
			};
			buildConfigurationList = 63E0191927DCC77500183D5C /* Build configuration list for PBXProject "ExperimentsApp" */;
			compatibilityVersion = "Xcode 13.0";
			developmentRegion = en;
			hasScannedForEncodings = 0;
			knownRegions = (
				en,
				Base,
			);
			mainGroup = 63E0191527DCC77500183D5C;
			productRefGroup = 63E0191F27DCC77500183D5C /* Products */;
			projectDirPath = "";
			projectRoot = "";
			targets = (
				63E0191D27DCC77500183D5C /* ExperimentsApp */,
				63E0193327DCC77800183D5C /* ExperimentsAppTests */,
				63E0193D27DCC77800183D5C /* ExperimentsAppUITests */,
			);
		};
/* End PBXProject section */

/* Begin PBXResourcesBuildPhase section */
		63E0191C27DCC77500183D5C /* Resources */ = {
			isa = PBXResourcesBuildPhase;
			buildActionMask = 2147483647;
			files = (
				63E0192E27DCC77700183D5C /* LaunchScreen.storyboard in Resources */,
				63E0192B27DCC77700183D5C /* Assets.xcassets in Resources */,
				63E0192927DCC77500183D5C /* Main.storyboard in Resources */,
			);
			runOnlyForDeploymentPostprocessing = 0;
		};
		63E0193227DCC77800183D5C /* Resources */ = {
			isa = PBXResourcesBuildPhase;
			buildActionMask = 2147483647;
			files = (
			);
			runOnlyForDeploymentPostprocessing = 0;
		};
		63E0193C27DCC77800183D5C /* Resources */ = {
			isa = PBXResourcesBuildPhase;
			buildActionMask = 2147483647;
			files = (
			);
			runOnlyForDeploymentPostprocessing = 0;
		};
/* End PBXResourcesBuildPhase section */

/* Begin PBXSourcesBuildPhase section */
		63E0191A27DCC77500183D5C /* Sources */ = {
			isa = PBXSourcesBuildPhase;
			buildActionMask = 2147483647;
			files = (
				63E0192627DCC77500183D5C /* ViewController.swift in Sources */,
				63E0192227DCC77500183D5C /* AppDelegate.swift in Sources */,
				63E0192427DCC77500183D5C /* SceneDelegate.swift in Sources */,
			);
			runOnlyForDeploymentPostprocessing = 0;
		};
		63E0193027DCC77800183D5C /* Sources */ = {
			isa = PBXSourcesBuildPhase;
			buildActionMask = 2147483647;
			files = (
				63E0193927DCC77800183D5C /* ExperimentsAppTests.swift in Sources */,
			);
			runOnlyForDeploymentPostprocessing = 0;
		};
		63E0193A27DCC77800183D5C /* Sources */ = {
			isa = PBXSourcesBuildPhase;
			buildActionMask = 2147483647;
			files = (
				63E0194327DCC77800183D5C /* ExperimentsAppUITests.swift in Sources */,
				63E0194527DCC77800183D5C /* ExperimentsAppUITestsLaunchTests.swift in Sources */,
			);
			runOnlyForDeploymentPostprocessing = 0;
		};
/* End PBXSourcesBuildPhase section */

/* Begin PBXTargetDependency section */
		63E0193627DCC77800183D5C /* PBXTargetDependency */ = {
			isa = PBXTargetDependency;
			target = 63E0191D27DCC77500183D5C /* ExperimentsApp */;
			targetProxy = 63E0193527DCC77800183D5C /* PBXContainerItemProxy */;
		};
		63E0194027DCC77800183D5C /* PBXTargetDependency */ = {
			isa = PBXTargetDependency;
			target = 63E0191D27DCC77500183D5C /* ExperimentsApp */;
			targetProxy = 63E0193F27DCC77800183D5C /* PBXContainerItemProxy */;
		};
/* End PBXTargetDependency section */

/* Begin PBXVariantGroup section */
		63E0192727DCC77500183D5C /* Main.storyboard */ = {
			isa = PBXVariantGroup;
			children = (
				63E0192827DCC77500183D5C /* Base */,
			);
			name = Main.storyboard;
			sourceTree = "<group>";
		};
		63E0192C27DCC77700183D5C /* LaunchScreen.storyboard */ = {
			isa = PBXVariantGroup;
			children = (
				63E0192D27DCC77700183D5C /* Base */,
			);
			name = LaunchScreen.storyboard;
			sourceTree = "<group>";
		};
/* End PBXVariantGroup section */

/* Begin XCBuildConfiguration section */
		63E0194627DCC77800183D5C /* Debug */ = {
			isa = XCBuildConfiguration;
			buildSettings = {
				ALWAYS_SEARCH_USER_PATHS = NO;
				CLANG_ANALYZER_NONNULL = YES;
				CLANG_ANALYZER_NUMBER_OBJECT_CONVERSION = YES_AGGRESSIVE;
				CLANG_CXX_LANGUAGE_STANDARD = "gnu++17";
				CLANG_CXX_LIBRARY = "libc++";
				CLANG_ENABLE_MODULES = YES;
				CLANG_ENABLE_OBJC_ARC = YES;
				CLANG_ENABLE_OBJC_WEAK = YES;
				CLANG_WARN_BLOCK_CAPTURE_AUTORELEASING = YES;
				CLANG_WARN_BOOL_CONVERSION = YES;
				CLANG_WARN_COMMA = YES;
				CLANG_WARN_CONSTANT_CONVERSION = YES;
				CLANG_WARN_DEPRECATED_OBJC_IMPLEMENTATIONS = YES;
				CLANG_WARN_DIRECT_OBJC_ISA_USAGE = YES_ERROR;
				CLANG_WARN_DOCUMENTATION_COMMENTS = YES;
				CLANG_WARN_EMPTY_BODY = YES;
				CLANG_WARN_ENUM_CONVERSION = YES;
				CLANG_WARN_INFINITE_RECURSION = YES;
				CLANG_WARN_INT_CONVERSION = YES;
				CLANG_WARN_NON_LITERAL_NULL_CONVERSION = YES;
				CLANG_WARN_OBJC_IMPLICIT_RETAIN_SELF = YES;
				CLANG_WARN_OBJC_LITERAL_CONVERSION = YES;
				CLANG_WARN_OBJC_ROOT_CLASS = YES_ERROR;
				CLANG_WARN_QUOTED_INCLUDE_IN_FRAMEWORK_HEADER = YES;
				CLANG_WARN_RANGE_LOOP_ANALYSIS = YES;
				CLANG_WARN_STRICT_PROTOTYPES = YES;
				CLANG_WARN_SUSPICIOUS_MOVE = YES;
				CLANG_WARN_UNGUARDED_AVAILABILITY = YES_AGGRESSIVE;
				CLANG_WARN_UNREACHABLE_CODE = YES;
				CLANG_WARN__DUPLICATE_METHOD_MATCH = YES;
				COPY_PHASE_STRIP = NO;
				DEBUG_INFORMATION_FORMAT = dwarf;
				ENABLE_STRICT_OBJC_MSGSEND = YES;
				ENABLE_TESTABILITY = YES;
				GCC_C_LANGUAGE_STANDARD = gnu11;
				GCC_DYNAMIC_NO_PIC = NO;
				GCC_NO_COMMON_BLOCKS = YES;
				GCC_OPTIMIZATION_LEVEL = 0;
				GCC_PREPROCESSOR_DEFINITIONS = (
					"DEBUG=1",
					"$(inherited)",
				);
				GCC_WARN_64_TO_32_BIT_CONVERSION = YES;
				GCC_WARN_ABOUT_RETURN_TYPE = YES_ERROR;
				GCC_WARN_UNDECLARED_SELECTOR = YES;
				GCC_WARN_UNINITIALIZED_AUTOS = YES_AGGRESSIVE;
				GCC_WARN_UNUSED_FUNCTION = YES;
				GCC_WARN_UNUSED_VARIABLE = YES;
				IPHONEOS_DEPLOYMENT_TARGET = 15.2;
				MTL_ENABLE_DEBUG_INFO = INCLUDE_SOURCE;
				MTL_FAST_MATH = YES;
				ONLY_ACTIVE_ARCH = YES;
				SDKROOT = iphoneos;
				SWIFT_ACTIVE_COMPILATION_CONDITIONS = DEBUG;
				SWIFT_OPTIMIZATION_LEVEL = "-Onone";
			};
			name = Debug;
		};
		63E0194727DCC77800183D5C /* Release */ = {
			isa = XCBuildConfiguration;
			buildSettings = {
				ALWAYS_SEARCH_USER_PATHS = NO;
				CLANG_ANALYZER_NONNULL = YES;
				CLANG_ANALYZER_NUMBER_OBJECT_CONVERSION = YES_AGGRESSIVE;
				CLANG_CXX_LANGUAGE_STANDARD = "gnu++17";
				CLANG_CXX_LIBRARY = "libc++";
				CLANG_ENABLE_MODULES = YES;
				CLANG_ENABLE_OBJC_ARC = YES;
				CLANG_ENABLE_OBJC_WEAK = YES;
				CLANG_WARN_BLOCK_CAPTURE_AUTORELEASING = YES;
				CLANG_WARN_BOOL_CONVERSION = YES;
				CLANG_WARN_COMMA = YES;
				CLANG_WARN_CONSTANT_CONVERSION = YES;
				CLANG_WARN_DEPRECATED_OBJC_IMPLEMENTATIONS = YES;
				CLANG_WARN_DIRECT_OBJC_ISA_USAGE = YES_ERROR;
				CLANG_WARN_DOCUMENTATION_COMMENTS = YES;
				CLANG_WARN_EMPTY_BODY = YES;
				CLANG_WARN_ENUM_CONVERSION = YES;
				CLANG_WARN_INFINITE_RECURSION = YES;
				CLANG_WARN_INT_CONVERSION = YES;
				CLANG_WARN_NON_LITERAL_NULL_CONVERSION = YES;
				CLANG_WARN_OBJC_IMPLICIT_RETAIN_SELF = YES;
				CLANG_WARN_OBJC_LITERAL_CONVERSION = YES;
				CLANG_WARN_OBJC_ROOT_CLASS = YES_ERROR;
				CLANG_WARN_QUOTED_INCLUDE_IN_FRAMEWORK_HEADER = YES;
				CLANG_WARN_RANGE_LOOP_ANALYSIS = YES;
				CLANG_WARN_STRICT_PROTOTYPES = YES;
				CLANG_WARN_SUSPICIOUS_MOVE = YES;
				CLANG_WARN_UNGUARDED_AVAILABILITY = YES_AGGRESSIVE;
				CLANG_WARN_UNREACHABLE_CODE = YES;
				CLANG_WARN__DUPLICATE_METHOD_MATCH = YES;
				COPY_PHASE_STRIP = NO;
				DEBUG_INFORMATION_FORMAT = "dwarf-with-dsym";
				ENABLE_NS_ASSERTIONS = NO;
				ENABLE_STRICT_OBJC_MSGSEND = YES;
				GCC_C_LANGUAGE_STANDARD = gnu11;
				GCC_NO_COMMON_BLOCKS = YES;
				GCC_WARN_64_TO_32_BIT_CONVERSION = YES;
				GCC_WARN_ABOUT_RETURN_TYPE = YES_ERROR;
				GCC_WARN_UNDECLARED_SELECTOR = YES;
				GCC_WARN_UNINITIALIZED_AUTOS = YES_AGGRESSIVE;
				GCC_WARN_UNUSED_FUNCTION = YES;
				GCC_WARN_UNUSED_VARIABLE = YES;
				IPHONEOS_DEPLOYMENT_TARGET = 15.2;
				MTL_ENABLE_DEBUG_INFO = NO;
				MTL_FAST_MATH = YES;
				SDKROOT = iphoneos;
				SWIFT_COMPILATION_MODE = wholemodule;
				SWIFT_OPTIMIZATION_LEVEL = "-O";
				VALIDATE_PRODUCT = YES;
			};
			name = Release;
		};
		63E0194927DCC77800183D5C /* Debug */ = {
			isa = XCBuildConfiguration;
			buildSettings = {
				ASSETCATALOG_COMPILER_APPICON_NAME = AppIcon;
				ASSETCATALOG_COMPILER_GLOBAL_ACCENT_COLOR_NAME = AccentColor;
				CODE_SIGN_STYLE = Automatic;
				CURRENT_PROJECT_VERSION = 1;
				DEVELOPMENT_TEAM = MY827B5QS8;
				GENERATE_INFOPLIST_FILE = YES;
				INFOPLIST_FILE = ExperimentsApp/Info.plist;
				INFOPLIST_KEY_UIApplicationSupportsIndirectInputEvents = YES;
				INFOPLIST_KEY_UILaunchStoryboardName = LaunchScreen;
				INFOPLIST_KEY_UIMainStoryboardFile = Main;
				INFOPLIST_KEY_UISupportedInterfaceOrientations_iPad = "UIInterfaceOrientationPortrait UIInterfaceOrientationPortraitUpsideDown UIInterfaceOrientationLandscapeLeft UIInterfaceOrientationLandscapeRight";
				INFOPLIST_KEY_UISupportedInterfaceOrientations_iPhone = "UIInterfaceOrientationPortrait UIInterfaceOrientationLandscapeLeft UIInterfaceOrientationLandscapeRight";
				LD_RUNPATH_SEARCH_PATHS = (
					"$(inherited)",
					"@executable_path/Frameworks",
				);
				MARKETING_VERSION = 1.0;
				PRODUCT_BUNDLE_IDENTIFIER = fbc.devs.ExperimentsApp;
				PRODUCT_NAME = "$(TARGET_NAME)";
				SWIFT_EMIT_LOC_STRINGS = YES;
				SWIFT_VERSION = 5.0;
				TARGETED_DEVICE_FAMILY = "1,2";
			};
			name = Debug;
		};
		63E0194A27DCC77800183D5C /* Release */ = {
			isa = XCBuildConfiguration;
			buildSettings = {
				ASSETCATALOG_COMPILER_APPICON_NAME = AppIcon;
				ASSETCATALOG_COMPILER_GLOBAL_ACCENT_COLOR_NAME = AccentColor;
				CODE_SIGN_STYLE = Automatic;
				CURRENT_PROJECT_VERSION = 1;
				DEVELOPMENT_TEAM = MY827B5QS8;
				GENERATE_INFOPLIST_FILE = YES;
				INFOPLIST_FILE = ExperimentsApp/Info.plist;
				INFOPLIST_KEY_UIApplicationSupportsIndirectInputEvents = YES;
				INFOPLIST_KEY_UILaunchStoryboardName = LaunchScreen;
				INFOPLIST_KEY_UIMainStoryboardFile = Main;
				INFOPLIST_KEY_UISupportedInterfaceOrientations_iPad = "UIInterfaceOrientationPortrait UIInterfaceOrientationPortraitUpsideDown UIInterfaceOrientationLandscapeLeft UIInterfaceOrientationLandscapeRight";
				INFOPLIST_KEY_UISupportedInterfaceOrientations_iPhone = "UIInterfaceOrientationPortrait UIInterfaceOrientationLandscapeLeft UIInterfaceOrientationLandscapeRight";
				LD_RUNPATH_SEARCH_PATHS = (
					"$(inherited)",
					"@executable_path/Frameworks",
				);
				MARKETING_VERSION = 1.0;
				PRODUCT_BUNDLE_IDENTIFIER = fbc.devs.ExperimentsApp;
				PRODUCT_NAME = "$(TARGET_NAME)";
				SWIFT_EMIT_LOC_STRINGS = YES;
				SWIFT_VERSION = 5.0;
				TARGETED_DEVICE_FAMILY = "1,2";
			};
			name = Release;
		};
		63E0194C27DCC77800183D5C /* Debug */ = {
			isa = XCBuildConfiguration;
			buildSettings = {
				ALWAYS_EMBED_SWIFT_STANDARD_LIBRARIES = YES;
				BUNDLE_LOADER = "$(TEST_HOST)";
				CODE_SIGN_STYLE = Automatic;
				CURRENT_PROJECT_VERSION = 1;
				DEVELOPMENT_TEAM = MY827B5QS8;
				GENERATE_INFOPLIST_FILE = YES;
				IPHONEOS_DEPLOYMENT_TARGET = 15.2;
				MARKETING_VERSION = 1.0;
				PRODUCT_BUNDLE_IDENTIFIER = fbc.devs.ExperimentsAppTests;
				PRODUCT_NAME = "$(TARGET_NAME)";
				SWIFT_EMIT_LOC_STRINGS = NO;
				SWIFT_VERSION = 5.0;
				TARGETED_DEVICE_FAMILY = "1,2";
				TEST_HOST = "$(BUILT_PRODUCTS_DIR)/ExperimentsApp.app/ExperimentsApp";
			};
			name = Debug;
		};
		63E0194D27DCC77800183D5C /* Release */ = {
			isa = XCBuildConfiguration;
			buildSettings = {
				ALWAYS_EMBED_SWIFT_STANDARD_LIBRARIES = YES;
				BUNDLE_LOADER = "$(TEST_HOST)";
				CODE_SIGN_STYLE = Automatic;
				CURRENT_PROJECT_VERSION = 1;
				DEVELOPMENT_TEAM = MY827B5QS8;
				GENERATE_INFOPLIST_FILE = YES;
				IPHONEOS_DEPLOYMENT_TARGET = 15.2;
				MARKETING_VERSION = 1.0;
				PRODUCT_BUNDLE_IDENTIFIER = fbc.devs.ExperimentsAppTests;
				PRODUCT_NAME = "$(TARGET_NAME)";
				SWIFT_EMIT_LOC_STRINGS = NO;
				SWIFT_VERSION = 5.0;
				TARGETED_DEVICE_FAMILY = "1,2";
				TEST_HOST = "$(BUILT_PRODUCTS_DIR)/ExperimentsApp.app/ExperimentsApp";
			};
			name = Release;
		};
		63E0194F27DCC77800183D5C /* Debug */ = {
			isa = XCBuildConfiguration;
			buildSettings = {
				ALWAYS_EMBED_SWIFT_STANDARD_LIBRARIES = YES;
				CODE_SIGN_STYLE = Automatic;
				CURRENT_PROJECT_VERSION = 1;
				DEVELOPMENT_TEAM = MY827B5QS8;
				GENERATE_INFOPLIST_FILE = YES;
				MARKETING_VERSION = 1.0;
				PRODUCT_BUNDLE_IDENTIFIER = fbc.devs.ExperimentsAppUITests;
				PRODUCT_NAME = "$(TARGET_NAME)";
				SWIFT_EMIT_LOC_STRINGS = NO;
				SWIFT_VERSION = 5.0;
				TARGETED_DEVICE_FAMILY = "1,2";
				TEST_TARGET_NAME = ExperimentsApp;
			};
			name = Debug;
		};
		63E0195027DCC77800183D5C /* Release */ = {
			isa = XCBuildConfiguration;
			buildSettings = {
				ALWAYS_EMBED_SWIFT_STANDARD_LIBRARIES = YES;
				CODE_SIGN_STYLE = Automatic;
				CURRENT_PROJECT_VERSION = 1;
				DEVELOPMENT_TEAM = MY827B5QS8;
				GENERATE_INFOPLIST_FILE = YES;
				MARKETING_VERSION = 1.0;
				PRODUCT_BUNDLE_IDENTIFIER = fbc.devs.ExperimentsAppUITests;
				PRODUCT_NAME = "$(TARGET_NAME)";
				SWIFT_EMIT_LOC_STRINGS = NO;
				SWIFT_VERSION = 5.0;
				TARGETED_DEVICE_FAMILY = "1,2";
				TEST_TARGET_NAME = ExperimentsApp;
			};
			name = Release;
		};
/* End XCBuildConfiguration section */

/* Begin XCConfigurationList section */
		63E0191927DCC77500183D5C /* Build configuration list for PBXProject "ExperimentsApp" */ = {
			isa = XCConfigurationList;
			buildConfigurations = (
				63E0194627DCC77800183D5C /* Debug */,
				63E0194727DCC77800183D5C /* Release */,
			);
			defaultConfigurationIsVisible = 0;
			defaultConfigurationName = Release;
		};
		63E0194827DCC77800183D5C /* Build configuration list for PBXNativeTarget "ExperimentsApp" */ = {
			isa = XCConfigurationList;
			buildConfigurations = (
				63E0194927DCC77800183D5C /* Debug */,
				63E0194A27DCC77800183D5C /* Release */,
			);
			defaultConfigurationIsVisible = 0;
			defaultConfigurationName = Release;
		};
		63E0194B27DCC77800183D5C /* Build configuration list for PBXNativeTarget "ExperimentsAppTests" */ = {
			isa = XCConfigurationList;
			buildConfigurations = (
				63E0194C27DCC77800183D5C /* Debug */,
				63E0194D27DCC77800183D5C /* Release */,
			);
			defaultConfigurationIsVisible = 0;
			defaultConfigurationName = Release;
		};
		63E0194E27DCC77800183D5C /* Build configuration list for PBXNativeTarget "ExperimentsAppUITests" */ = {
			isa = XCConfigurationList;
			buildConfigurations = (
				63E0194F27DCC77800183D5C /* Debug */,
				63E0195027DCC77800183D5C /* Release */,
			);
			defaultConfigurationIsVisible = 0;
			defaultConfigurationName = Release;
		};
/* End XCConfigurationList section */
	};
	rootObject = 63E0191627DCC77500183D5C /* Project object */;
}
